schema: '2.0'
stages:
  ingest:
    cmd: python -m src.training.data
    deps:
    - path: src/training/data.py
      hash: md5
      md5: 53f8a84558090698c28ea50093c841db
      size: 4248
    params:
      params.yaml:
        data:
          url: 
            https://raw.githubusercontent.com/IBM/telco-customer-churn-on-icp4d/master/data/Telco-Customer-Churn.csv
    outs:
    - path: data/processed/churn.csv
      hash: md5
      md5: ac85ad9126ae97665141338f0fc6bbcf
      size: 885482
    - path: data/raw/telco.csv
      hash: md5
      md5: 3b0bfab28a8101b4e4fdd08025a5c235
      size: 970457
  train:
    cmd: python -m src.training.train
    deps:
    - path: data/processed/churn.csv
      hash: md5
      md5: ac85ad9126ae97665141338f0fc6bbcf
      size: 885482
    - path: src/training/business.py
      hash: md5
      md5: a921cea1b01ce931be378c91d69c0883
      size: 1963
    - path: src/training/features.py
      hash: md5
      md5: 5a2451ad85b6c48cb55118caf6ad2d45
      size: 1939
    - path: src/training/model.py
      hash: md5
      md5: d8c41a5f9a03409cd534074224c88e0f
      size: 619
    - path: src/training/registry.py
      hash: md5
      md5: fa84e1be8e2ea0eb3bfcf2d027f70484
      size: 2604
    - path: src/training/train.py
      hash: md5
      md5: af0aa25ba5a283feb0105bfc54ece463
      size: 15110
    params:
      params.yaml:
        economics:
          value_months: 12
          retention_cost_rate: 0.1
          retention_success: 0.3
          k_grid:
          - 0.05
          - 0.1
          - 0.15
          - 0.2
          - 0.25
          - 0.3
          - 0.35
          - 0.4
          - 0.45
          - 0.5
        gate:
          min_pr_auc: 0.5
          baseline_margin: 0.0
          champion_tolerance: 0.005
        train:
          seed: 42
          test_size: 0.2
          n_trials: 20
          cv_folds: 5
          models:
          - dummy
          - logreg
          - rf
          - xgb
          sensitive_tolerance: 0.005
    outs:
    - path: reports/drift.html
      hash: md5
      md5: 9f3e438866fac68f3a680fb9612f4f76
      size: 3213176
    - path: reports/metrics.json
      hash: md5
      md5: 59a45f3b0813461851ed61999ac1161b
      size: 273
